
Microsoft Visual Studio Solution File, Format Version 11.00
# Visual Studio 2010
Project("{FAE04EC0-301F-11D3-BF4B-00C04F79EFBC}") = "SyslogNet", "SyslogNet\SyslogNet.csproj", "{F94B72CD-DA67-436E-9244-FA79DF140E0A}"
EndProject
Project("{FAE04EC0-301F-11D3-BF4B-00C04F79EFBC}") = "SyslogNet.Tests", "SyslogNet.Tests\SyslogNet.Tests.csproj", "{2D6094E8-8483-4B91-9D5E-BF98B070763F}"
EndProject
Global
	GlobalSection(SolutionConfigurationPlatforms) = preSolution
		Debug|Any CPU = Debug|Any CPU
		Release|Any CPU = Release|Any CPU
	EndGlobalSection
	GlobalSection(ProjectConfigurationPlatforms) = postSolution
		{F94B72CD-DA67-436E-9244-FA79DF140E0A}.Debug|Any CPU.ActiveCfg = Debug|Any CPU
		{F94B72CD-DA67-436E-9244-FA79DF140E0A}.Debug|Any CPU.Build.0 = Debug|Any CPU
		{F94B72CD-DA67-436E-9244-FA79DF140E0A}.Release|Any CPU.ActiveCfg = Release|Any CPU
		{F94B72CD-DA67-436E-9244-FA79DF140E0A}.Release|Any CPU.Build.0 = Release|Any CPU
		{2D6094E8-8483-4B91-9D5E-BF98B070763F}.Debug|Any CPU.ActiveCfg = Debug|Any CPU
		{2D6094E8-8483-4B91-9D5E-BF98B070763F}.Debug|Any CPU.Build.0 = Debug|Any CPU
		{2D6094E8-8483-4B91-9D5E-BF98B070763F}.Release|Any CPU.ActiveCfg = Release|Any CPU
		{2D6094E8-8483-4B91-9D5E-BF98B070763F}.Release|Any CPU.Build.0 = Release|Any CPU
	EndGlobalSection
	GlobalSection(SolutionProperties) = preSolution
		HideSolutionNode = FALSE
	EndGlobalSection
EndGlobal
