
Microsoft Visual Studio Solution File, Format Version 12.00
# Visual Studio 15
VisualStudioVersion = 15.0.26730.12
MinimumVisualStudioVersion = 10.0.40219.1
Project("{9A19103F-16F7-4668-BE54-9A1E7A4F7556}") = "TesterApp", "TesterApp\TesterApp.csproj", "{9D7482EB-EA3F-4047-9E79-C80EC8E18FED}"
EndProject
Project("{9A19103F-16F7-4668-BE54-9A1E7A4F7556}") = "SyslogNet.Client", "SyslogNet.Client\SyslogNet.Client.csproj", "{F94B72CD-DA67-436E-9244-FA79DF140E0A}"
EndProject
Project("{9A19103F-16F7-4668-BE54-9A1E7A4F7556}") = "SyslogNet.Client.Tests", "SyslogNet.Client.Tests\SyslogNet.Client.Tests.csproj", "{2D6094E8-8483-4B91-9D5E-BF98B070763F}"
EndProject
Global
	GlobalSection(SolutionConfigurationPlatforms) = preSolution
		Debug|Any CPU = Debug|Any CPU
		Debug|Mixed Platforms = Debug|Mixed Platforms
		Debug|x86 = Debug|x86
		Release|Any CPU = Release|Any CPU
		Release|Mixed Platforms = Release|Mixed Platforms
		Release|x86 = Release|x86
	EndGlobalSection
	GlobalSection(ProjectConfigurationPlatforms) = postSolution
		{9D7482EB-EA3F-4047-9E79-C80EC8E18FED}.Debug|Any CPU.ActiveCfg = Debug|Any CPU
		{9D7482EB-EA3F-4047-9E79-C80EC8E18FED}.Debug|Any CPU.Build.0 = Debug|Any CPU
		{9D7482EB-EA3F-4047-9E79-C80EC8E18FED}.Debug|Mixed Platforms.ActiveCfg = Debug|Any CPU
		{9D7482EB-EA3F-4047-9E79-C80EC8E18FED}.Debug|Mixed Platforms.Build.0 = Debug|Any CPU
		{9D7482EB-EA3F-4047-9E79-C80EC8E18FED}.Debug|x86.ActiveCfg = Debug|Any CPU
		{9D7482EB-EA3F-4047-9E79-C80EC8E18FED}.Debug|x86.Build.0 = Debug|Any CPU
		{9D7482EB-EA3F-4047-9E79-C80EC8E18FED}.Release|Any CPU.ActiveCfg = Release|Any CPU
		{9D7482EB-EA3F-4047-9E79-C80EC8E18FED}.Release|Any CPU.Build.0 = Release|Any CPU
		{9D7482EB-EA3F-4047-9E79-C80EC8E18FED}.Release|Mixed Platforms.ActiveCfg = Release|Any CPU
		{9D7482EB-EA3F-4047-9E79-C80EC8E18FED}.Release|Mixed Platforms.Build.0 = Release|Any CPU
		{9D7482EB-EA3F-4047-9E79-C80EC8E18FED}.Release|x86.ActiveCfg = Release|Any CPU
		{9D7482EB-EA3F-4047-9E79-C80EC8E18FED}.Release|x86.Build.0 = Release|Any CPU
		{F94B72CD-DA67-436E-9244-FA79DF140E0A}.Debug|Any CPU.ActiveCfg = Debug|Any CPU
		{F94B72CD-DA67-436E-9244-FA79DF140E0A}.Debug|Any CPU.Build.0 = Debug|Any CPU
		{F94B72CD-DA67-436E-9244-FA79DF140E0A}.Debug|Mixed Platforms.ActiveCfg = Debug|Any CPU
		{F94B72CD-DA67-436E-9244-FA79DF140E0A}.Debug|Mixed Platforms.Build.0 = Debug|Any CPU
		{F94B72CD-DA67-436E-9244-FA79DF140E0A}.Debug|x86.ActiveCfg = Debug|Any CPU
		{F94B72CD-DA67-436E-9244-FA79DF140E0A}.Release|Any CPU.ActiveCfg = Release|Any CPU
		{F94B72CD-DA67-436E-9244-FA79DF140E0A}.Release|Any CPU.Build.0 = Release|Any CPU
		{F94B72CD-DA67-436E-9244-FA79DF140E0A}.Release|Mixed Platforms.ActiveCfg = Release|Any CPU
		{F94B72CD-DA67-436E-9244-FA79DF140E0A}.Release|Mixed Platforms.Build.0 = Release|Any CPU
		{F94B72CD-DA67-436E-9244-FA79DF140E0A}.Release|x86.ActiveCfg = Release|Any CPU
		{2D6094E8-8483-4B91-9D5E-BF98B070763F}.Debug|Any CPU.ActiveCfg = Debug|Any CPU
		{2D6094E8-8483-4B91-9D5E-BF98B070763F}.Debug|Any CPU.Build.0 = Debug|Any CPU
		{2D6094E8-8483-4B91-9D5E-BF98B070763F}.Debug|Mixed Platforms.ActiveCfg = Debug|Any CPU
		{2D6094E8-8483-4B91-9D5E-BF98B070763F}.Debug|Mixed Platforms.Build.0 = Debug|Any CPU
		{2D6094E8-8483-4B91-9D5E-BF98B070763F}.Debug|x86.ActiveCfg = Debug|Any CPU
		{2D6094E8-8483-4B91-9D5E-BF98B070763F}.Release|Any CPU.ActiveCfg = Release|Any CPU
		{2D6094E8-8483-4B91-9D5E-BF98B070763F}.Release|Any CPU.Build.0 = Release|Any CPU
		{2D6094E8-8483-4B91-9D5E-BF98B070763F}.Release|Mixed Platforms.ActiveCfg = Release|Any CPU
		{2D6094E8-8483-4B91-9D5E-BF98B070763F}.Release|Mixed Platforms.Build.0 = Release|Any CPU
		{2D6094E8-8483-4B91-9D5E-BF98B070763F}.Release|x86.ActiveCfg = Release|Any CPU
	EndGlobalSection
	GlobalSection(SolutionProperties) = preSolution
		HideSolutionNode = FALSE
	EndGlobalSection
	GlobalSection(ExtensibilityGlobals) = postSolution
		SolutionGuid = {8A0CB3E6-C297-4144-A6A9-044EAAF891D6}
	EndGlobalSection
EndGlobal
