
Microsoft Visual Studio Solution File, Format Version 12.00
# Visual Studio Version 16
VisualStudioVersion = 16.0.30804.86
MinimumVisualStudioVersion = 10.0.40219.1
Project("{9A19103F-16F7-4668-BE54-9A1E7A4F7556}") = "SyslogNet.Client", "SyslogNet.Client\SyslogNet.Client.csproj", "{F94B72CD-DA67-436E-9244-FA79DF140E0A}"
EndProject
Project("{9A19103F-16F7-4668-BE54-9A1E7A4F7556}") = "SyslogNet.Client.Tests", "SyslogNet.Client.Tests\SyslogNet.Client.Tests.csproj", "{2D6094E8-8483-4B91-9D5E-BF98B070763F}"
EndProject
Project("{9A19103F-16F7-4668-BE54-9A1E7A4F7556}") = "TesterApp", "TesterApp\TesterApp.csproj", "{9D7482EB-EA3F-4047-9E79-C80EC8E18FED}"
EndProject
Project("{9A19103F-16F7-4668-BE54-9A1E7A4F7556}") = "TestApplication", "TestApplication\TestApplication.csproj", "{920421CB-566C-466C-9325-DD91F8F53801}"
EndProject
Global
	GlobalSection(SolutionConfigurationPlatforms) = preSolution
		Debug|Any CPU = Debug|Any CPU
		Release|Any CPU = Release|Any CPU
	EndGlobalSection
	GlobalSection(ProjectConfigurationPlatforms) = postSolution
		{F94B72CD-DA67-436E-9244-FA79DF140E0A}.Debug|Any CPU.ActiveCfg = Debug|Any CPU
		{F94B72CD-DA67-436E-9244-FA79DF140E0A}.Debug|Any CPU.Build.0 = Debug|Any CPU
		{F94B72CD-DA67-436E-9244-FA79DF140E0A}.Release|Any CPU.ActiveCfg = Release|Any CPU
		{F94B72CD-DA67-436E-9244-FA79DF140E0A}.Release|Any CPU.Build.0 = Release|Any CPU
		{2D6094E8-8483-4B91-9D5E-BF98B070763F}.Debug|Any CPU.ActiveCfg = Debug|Any CPU
		{2D6094E8-8483-4B91-9D5E-BF98B070763F}.Debug|Any CPU.Build.0 = Debug|Any CPU
		{2D6094E8-8483-4B91-9D5E-BF98B070763F}.Release|Any CPU.ActiveCfg = Release|Any CPU
		{2D6094E8-8483-4B91-9D5E-BF98B070763F}.Release|Any CPU.Build.0 = Release|Any CPU
		{9D7482EB-EA3F-4047-9E79-C80EC8E18FED}.Debug|Any CPU.ActiveCfg = Debug|Any CPU
		{9D7482EB-EA3F-4047-9E79-C80EC8E18FED}.Debug|Any CPU.Build.0 = Debug|Any CPU
		{9D7482EB-EA3F-4047-9E79-C80EC8E18FED}.Release|Any CPU.ActiveCfg = Release|Any CPU
		{9D7482EB-EA3F-4047-9E79-C80EC8E18FED}.Release|Any CPU.Build.0 = Release|Any CPU
		{920421CB-566C-466C-9325-DD91F8F53801}.Debug|Any CPU.ActiveCfg = Debug|Any CPU
		{920421CB-566C-466C-9325-DD91F8F53801}.Debug|Any CPU.Build.0 = Debug|Any CPU
		{920421CB-566C-466C-9325-DD91F8F53801}.Release|Any CPU.ActiveCfg = Release|Any CPU
		{920421CB-566C-466C-9325-DD91F8F53801}.Release|Any CPU.Build.0 = Release|Any CPU
	EndGlobalSection
	GlobalSection(SolutionProperties) = preSolution
		HideSolutionNode = FALSE
	EndGlobalSection
	GlobalSection(ExtensibilityGlobals) = postSolution
		SolutionGuid = {B808A690-D10F-474B-A23F-DA8914247CAA}
	EndGlobalSection
EndGlobal
